
Microsoft Visual Studio Solution File, Format Version 12.00
# Visual Studio Version 17
VisualStudioVersion = 17.9.34714.143
MinimumVisualStudioVersion = 10.0.40219.1
Project("{FAE04EC0-301F-11D3-BF4B-00C04F79EFBC}") = "Projekat2SBP", "Projekat2SBP\Projekat2SBP.csproj", "{F06E584F-EA86-458D-9EED-E5BE3ED8D7D3}"
EndProject
Global
	GlobalSection(SolutionConfigurationPlatforms) = preSolution
		Debug|Any CPU = Debug|Any CPU
		Release|Any CPU = Release|Any CPU
	EndGlobalSection
	GlobalSection(ProjectConfigurationPlatforms) = postSolution
		{F06E584F-EA86-458D-9EED-E5BE3ED8D7D3}.Debug|Any CPU.ActiveCfg = Debug|Any CPU
		{F06E584F-EA86-458D-9EED-E5BE3ED8D7D3}.Debug|Any CPU.Build.0 = Debug|Any CPU
		{F06E584F-EA86-458D-9EED-E5BE3ED8D7D3}.Release|Any CPU.ActiveCfg = Release|Any CPU
		{F06E584F-EA86-458D-9EED-E5BE3ED8D7D3}.Release|Any CPU.Build.0 = Release|Any CPU
	EndGlobalSection
	GlobalSection(SolutionProperties) = preSolution
		HideSolutionNode = FALSE
	EndGlobalSection
	GlobalSection(ExtensibilityGlobals) = postSolution
		SolutionGuid = {3B68CB23-1B5F-44D1-AF90-8AB045380116}
	EndGlobalSection
EndGlobal
